
Microsoft Visual Studio Solution File, Format Version 12.00
# Visual Studio Version 16
VisualStudioVersion = 16.0.31129.286
MinimumVisualStudioVersion = 10.0.40219.1
Project("{9A19103F-16F7-4668-BE54-9A1E7A4F7556}") = "Instasharp", "Instasharp\Instasharp.csproj", "{7D04C0C8-C82F-482B-A174-30CEB5DF6BEB}"
EndProject
Global
	GlobalSection(SolutionConfigurationPlatforms) = preSolution
		Debug|Any CPU = Debug|Any CPU
		Release|Any CPU = Release|Any CPU
	EndGlobalSection
	GlobalSection(ProjectConfigurationPlatforms) = postSolution
		{7D04C0C8-C82F-482B-A174-30CEB5DF6BEB}.Debug|Any CPU.ActiveCfg = Debug|Any CPU
		{7D04C0C8-C82F-482B-A174-30CEB5DF6BEB}.Debug|Any CPU.Build.0 = Debug|Any CPU
		{7D04C0C8-C82F-482B-A174-30CEB5DF6BEB}.Release|Any CPU.ActiveCfg = Release|Any CPU
		{7D04C0C8-C82F-482B-A174-30CEB5DF6BEB}.Release|Any CPU.Build.0 = Release|Any CPU
	EndGlobalSection
	GlobalSection(SolutionProperties) = preSolution
		HideSolutionNode = FALSE
	EndGlobalSection
	GlobalSection(ExtensibilityGlobals) = postSolution
		SolutionGuid = {3E95D2F8-7630-4298-876F-49B7CB34895C}
	EndGlobalSection
EndGlobal
